
Microsoft Visual Studio Solution File, Format Version 12.00
# Visual Studio Version 17
VisualStudioVersion = 17.4.33213.308
MinimumVisualStudioVersion = 10.0.40219.1
Project("{FAE04EC0-301F-11D3-BF4B-00C04F79EFBC}") = "SnakeGame", "SnakeGame.csproj", "{5DFDA85B-D6B1-487E-9785-2300D72882EB}"
EndProject
Global
	GlobalSection(SolutionConfigurationPlatforms) = preSolution
		Debug|Any CPU = Debug|Any CPU
		Release|Any CPU = Release|Any CPU
	EndGlobalSection
	GlobalSection(ProjectConfigurationPlatforms) = postSolution
		{5DFDA85B-D6B1-487E-9785-2300D72882EB}.Debug|Any CPU.ActiveCfg = Debug|Any CPU
		{5DFDA85B-D6B1-487E-9785-2300D72882EB}.Debug|Any CPU.Build.0 = Debug|Any CPU
		{5DFDA85B-D6B1-487E-9785-2300D72882EB}.Release|Any CPU.ActiveCfg = Release|Any CPU
		{5DFDA85B-D6B1-487E-9785-2300D72882EB}.Release|Any CPU.Build.0 = Release|Any CPU
	EndGlobalSection
	GlobalSection(SolutionProperties) = preSolution
		HideSolutionNode = FALSE
	EndGlobalSection
	GlobalSection(ExtensibilityGlobals) = postSolution
		SolutionGuid = {20E9FB07-CE90-4B36-99B4-34721E364B5D}
	EndGlobalSection
EndGlobal
